
Microsoft Visual Studio Solution File, Format Version 12.00
# Visual Studio Version 17
VisualStudioVersion = 17.11.35303.130
MinimumVisualStudioVersion = 10.0.40219.1
Project("{FAE04EC0-301F-11D3-BF4B-00C04F79EFBC}") = "密码生成器_控制台", "密码生成器_控制台\密码生成器_控制台.csproj", "{C491B7FB-B4B8-4456-A38E-01944DE5BDEB}"
EndProject
Global
	GlobalSection(SolutionConfigurationPlatforms) = preSolution
		Debug|Any CPU = Debug|Any CPU
		Release|Any CPU = Release|Any CPU
	EndGlobalSection
	GlobalSection(ProjectConfigurationPlatforms) = postSolution
		{C491B7FB-B4B8-4456-A38E-01944DE5BDEB}.Debug|Any CPU.ActiveCfg = Debug|Any CPU
		{C491B7FB-B4B8-4456-A38E-01944DE5BDEB}.Debug|Any CPU.Build.0 = Debug|Any CPU
		{C491B7FB-B4B8-4456-A38E-01944DE5BDEB}.Release|Any CPU.ActiveCfg = Release|Any CPU
		{C491B7FB-B4B8-4456-A38E-01944DE5BDEB}.Release|Any CPU.Build.0 = Release|Any CPU
	EndGlobalSection
	GlobalSection(SolutionProperties) = preSolution
		HideSolutionNode = FALSE
	EndGlobalSection
	GlobalSection(ExtensibilityGlobals) = postSolution
		SolutionGuid = {76ACC6CA-6C76-490F-B39F-DDDB145FE82C}
	EndGlobalSection
EndGlobal
